
Microsoft Visual Studio Solution File, Format Version 12.00
# Visual Studio 15
VisualStudioVersion = 15.0.26430.13
MinimumVisualStudioVersion = 10.0.40219.1
Project("{FAE04EC0-301F-11D3-BF4B-00C04F79EFBC}") = "Chronox", "Chronox\Chronox.csproj", "{4ED58180-221E-4A6C-8184-ECB382243654}"
EndProject
Project("{2150E333-8FDC-42A3-9474-1A3956D46DE8}") = "Solution Items", "Solution Items", "{CB0CA03C-D854-47D7-94CE-8C192743F91C}"
	ProjectSection(SolutionItems) = preProject
		README.md = README.md
		CONTRIBUTING.md = CONTRIBUTING.md
		LICENSE.txt = LICENSE.txt
		NETCORE.png = NETCORE.png
		SUPPORT.md = SUPPORT.md
		NLP.png = NLP.png
        SEQUENCES.md = SEQUENCES.md
        SETTINGS.md = SETTINGS.md
        TIMEZONES.md = TIMEZONES.md
        CODES.md = CODES.md
        TEMPLATE.txt = TEMPLATE.txt

	EndProjectSection
EndProject
Project("{FAE04EC0-301F-11D3-BF4B-00C04F79EFBC}") = "Chronox.Tests", "Chronox.Tests\Chronox.Tests.csproj", "{84737D8A-4FD6-4460-BF89-8D2CA88E3C09}"
EndProject
Global
	GlobalSection(SolutionConfigurationPlatforms) = preSolution
		Debug|Any CPU = Debug|Any CPU
		Release|Any CPU = Release|Any CPU
	EndGlobalSection
	GlobalSection(ProjectConfigurationPlatforms) = postSolution
		{4ED58180-221E-4A6C-8184-ECB382243654}.Debug|Any CPU.ActiveCfg = Debug|Any CPU
		{4ED58180-221E-4A6C-8184-ECB382243654}.Debug|Any CPU.Build.0 = Debug|Any CPU
		{4ED58180-221E-4A6C-8184-ECB382243654}.Release|Any CPU.ActiveCfg = Release|Any CPU
		{4ED58180-221E-4A6C-8184-ECB382243654}.Release|Any CPU.Build.0 = Release|Any CPU
		{84737D8A-4FD6-4460-BF89-8D2CA88E3C09}.Debug|Any CPU.ActiveCfg = Debug|Any CPU
		{84737D8A-4FD6-4460-BF89-8D2CA88E3C09}.Debug|Any CPU.Build.0 = Debug|Any CPU
		{84737D8A-4FD6-4460-BF89-8D2CA88E3C09}.Release|Any CPU.ActiveCfg = Release|Any CPU
		{84737D8A-4FD6-4460-BF89-8D2CA88E3C09}.Release|Any CPU.Build.0 = Release|Any CPU
	EndGlobalSection
	GlobalSection(SolutionProperties) = preSolution
		HideSolutionNode = FALSE
	EndGlobalSection
EndGlobal
